
Microsoft Visual Studio Solution File, Format Version 11.00
# Visual Studio 2010
Project("{8BC9CEB8-8B4A-11D0-8D11-00A0C91BC942}") = "ed", "ed\source\ed.vcxproj", "{FDE0911E-9089-4B5E-A8C4-C55F77D7DC5A}"
EndProject
Project("{8BC9CEB8-8B4A-11D0-8D11-00A0C91BC942}") = "chat.server", "chat_server.vcxproj", "{D3E753E5-BFEF-48E0-A937-1445152919E1}"
EndProject
Project("{8BC9CEB8-8B4A-11D0-8D11-00A0C91BC942}") = "chat.client", "chat.client.vcxproj", "{1175597B-B892-4D45-AC22-43CB069DC1B3}"
EndProject
Global
	GlobalSection(SolutionConfigurationPlatforms) = preSolution
		Debug|Win32 = Debug|Win32
		Release|Win32 = Release|Win32
	EndGlobalSection
	GlobalSection(ProjectConfigurationPlatforms) = postSolution
		{FDE0911E-9089-4B5E-A8C4-C55F77D7DC5A}.Debug|Win32.ActiveCfg = Debug|Win32
		{FDE0911E-9089-4B5E-A8C4-C55F77D7DC5A}.Debug|Win32.Build.0 = Debug|Win32
		{FDE0911E-9089-4B5E-A8C4-C55F77D7DC5A}.Release|Win32.ActiveCfg = Release|Win32
		{FDE0911E-9089-4B5E-A8C4-C55F77D7DC5A}.Release|Win32.Build.0 = Release|Win32
		{D3E753E5-BFEF-48E0-A937-1445152919E1}.Debug|Win32.ActiveCfg = Debug|Win32
		{D3E753E5-BFEF-48E0-A937-1445152919E1}.Debug|Win32.Build.0 = Debug|Win32
		{D3E753E5-BFEF-48E0-A937-1445152919E1}.Release|Win32.ActiveCfg = Release|Win32
		{D3E753E5-BFEF-48E0-A937-1445152919E1}.Release|Win32.Build.0 = Release|Win32
		{1175597B-B892-4D45-AC22-43CB069DC1B3}.Debug|Win32.ActiveCfg = Debug|Win32
		{1175597B-B892-4D45-AC22-43CB069DC1B3}.Debug|Win32.Build.0 = Debug|Win32
		{1175597B-B892-4D45-AC22-43CB069DC1B3}.Release|Win32.ActiveCfg = Release|Win32
		{1175597B-B892-4D45-AC22-43CB069DC1B3}.Release|Win32.Build.0 = Release|Win32
	EndGlobalSection
	GlobalSection(SolutionProperties) = preSolution
		HideSolutionNode = FALSE
	EndGlobalSection
EndGlobal
